
Microsoft Visual Studio Solution File, Format Version 12.00
# Visual Studio Version 17
VisualStudioVersion = 17.3.32901.215
MinimumVisualStudioVersion = 10.0.40219.1
Project("{9A19103F-16F7-4668-BE54-9A1E7A4F7556}") = "1-4", "Csharp程序设计全部作业\1-4.csproj", "{A29ABE1F-164A-4317-B8AB-EE90DE4BAB89}"
EndProject
Project("{9A19103F-16F7-4668-BE54-9A1E7A4F7556}") = "1-5", "1-5\1-5.csproj", "{F62025DD-4C93-455D-8229-988A3BFBF8D5}"
EndProject
Project("{9A19103F-16F7-4668-BE54-9A1E7A4F7556}") = "2-1", "2-1\2-1.csproj", "{C7A2F5D1-C537-4F0F-90F5-91AD1FEFEA4E}"
EndProject
Project("{9A19103F-16F7-4668-BE54-9A1E7A4F7556}") = "2-2", "2-2\2-2.csproj", "{E7A3A6F0-AD06-4E9D-9563-557E168EB030}"
EndProject
Project("{9A19103F-16F7-4668-BE54-9A1E7A4F7556}") = "2-3", "2-3\2-3.csproj", "{68618124-526A-4C55-AEE9-8DE14A9508A8}"
EndProject
Project("{9A19103F-16F7-4668-BE54-9A1E7A4F7556}") = "2-4", "2-4\2-4.csproj", "{A86DC884-FB81-468A-AEDA-D67CB2AA0EE0}"
EndProject
Project("{9A19103F-16F7-4668-BE54-9A1E7A4F7556}") = "Test", "Test\Test.csproj", "{4563E252-8329-4F6E-8696-4EA9A9ACD305}"
EndProject
Project("{9A19103F-16F7-4668-BE54-9A1E7A4F7556}") = "2-5", "2-5\2-5.csproj", "{D524A03E-8CCC-478D-9E28-81A94C015162}"
EndProject
Project("{2150E333-8FDC-42A3-9474-1A3956D46DE8}") = "W1", "W1", "{1A526FF4-73E8-48F6-A6FE-8F37D98CC5CC}"
EndProject
Project("{2150E333-8FDC-42A3-9474-1A3956D46DE8}") = "W2", "W2", "{D6486B03-53DA-48FC-92C1-E01CA992D240}"
EndProject
Project("{2150E333-8FDC-42A3-9474-1A3956D46DE8}") = "W3", "W3", "{14C39412-D5B9-4888-86E0-636AED4E8D6E}"
EndProject
Project("{9A19103F-16F7-4668-BE54-9A1E7A4F7556}") = "3-1", "3-1\3-1.csproj", "{71BF2832-772B-42F9-9028-C5F9D0DC866A}"
EndProject
Project("{9A19103F-16F7-4668-BE54-9A1E7A4F7556}") = "3-2", "3-2\3-2.csproj", "{0C950425-DD6B-4128-84DC-C21D82FA8FAE}"
EndProject
Project("{9A19103F-16F7-4668-BE54-9A1E7A4F7556}") = "3-3", "3-3\3-3.csproj", "{A52A6825-52D8-4F14-A811-1C29A8C7B531}"
EndProject
Project("{9A19103F-16F7-4668-BE54-9A1E7A4F7556}") = "3-4", "3-4\3-4.csproj", "{74350A63-5CDD-43D7-B968-8949DD4B6204}"
EndProject
Project("{9A19103F-16F7-4668-BE54-9A1E7A4F7556}") = "3-5", "3-5\3-5.csproj", "{3B32F16D-9A79-457F-97F7-1FC1FFB96AA1}"
EndProject
Project("{2150E333-8FDC-42A3-9474-1A3956D46DE8}") = "W4", "W4", "{0960A036-87AD-4B52-B218-3846B4D4A0D4}"
EndProject
Project("{9A19103F-16F7-4668-BE54-9A1E7A4F7556}") = "4-1", "4-1\4-1.csproj", "{78E98422-E8B1-4F6D-96E9-800EF77CCF1B}"
EndProject
Project("{9A19103F-16F7-4668-BE54-9A1E7A4F7556}") = "4-2", "4-2\4-2.csproj", "{4084E98D-0539-4C76-BA59-836FF563FFED}"
EndProject
Project("{9A19103F-16F7-4668-BE54-9A1E7A4F7556}") = "4-3", "4-3\4-3.csproj", "{BCF613D7-6FA9-4A75-839F-3A9C0CEE25A7}"
EndProject
Project("{9A19103F-16F7-4668-BE54-9A1E7A4F7556}") = "4-4", "4-4\4-4.csproj", "{86F2BBCD-9FEC-4458-BF62-B473A6093DA6}"
EndProject
Project("{2150E333-8FDC-42A3-9474-1A3956D46DE8}") = "W5", "W5", "{A4F84D64-BAFA-427D-B224-4EE3DDA2B0A6}"
EndProject
Project("{9A19103F-16F7-4668-BE54-9A1E7A4F7556}") = "5-1", "5-1\5-1.csproj", "{5511DBB3-7408-4266-8D0A-816FE5AB61AE}"
EndProject
Project("{9A19103F-16F7-4668-BE54-9A1E7A4F7556}") = "5-2", "5-2\5-2.csproj", "{5AE3D9BA-F953-49C3-9FC8-8611FB8500BF}"
EndProject
Project("{9A19103F-16F7-4668-BE54-9A1E7A4F7556}") = "5-3", "5-3\5-3.csproj", "{9FDB0C52-406F-4E9D-9810-59125EBB7DC5}"
EndProject
Project("{FAE04EC0-301F-11D3-BF4B-00C04F79EFBC}") = "红绿灯", "红绿灯\红绿灯.csproj", "{2C1E3346-82FE-44C1-B29B-F7FA2F8ABBF6}"
EndProject
Project("{2150E333-8FDC-42A3-9474-1A3956D46DE8}") = "windows图形界面编程", "windows图形界面编程", "{D6FAC9CE-02B2-4DDA-95B6-9F870AFD5208}"
EndProject
Project("{FAE04EC0-301F-11D3-BF4B-00C04F79EFBC}") = "文件读写2", "文件读写2\文件读写2.csproj", "{EFA9741B-E3F5-4A99-89D3-AB9388436C9C}"
EndProject
Project("{FAE04EC0-301F-11D3-BF4B-00C04F79EFBC}") = "五子棋", "五子棋\五子棋.csproj", "{D23EF7A3-F7A5-4A91-B629-45D46F8AB69A}"
EndProject
Global
	GlobalSection(SolutionConfigurationPlatforms) = preSolution
		Debug|Any CPU = Debug|Any CPU
		Release|Any CPU = Release|Any CPU
	EndGlobalSection
	GlobalSection(ProjectConfigurationPlatforms) = postSolution
		{A29ABE1F-164A-4317-B8AB-EE90DE4BAB89}.Debug|Any CPU.ActiveCfg = Debug|Any CPU
		{A29ABE1F-164A-4317-B8AB-EE90DE4BAB89}.Debug|Any CPU.Build.0 = Debug|Any CPU
		{A29ABE1F-164A-4317-B8AB-EE90DE4BAB89}.Release|Any CPU.ActiveCfg = Release|Any CPU
		{A29ABE1F-164A-4317-B8AB-EE90DE4BAB89}.Release|Any CPU.Build.0 = Release|Any CPU
		{F62025DD-4C93-455D-8229-988A3BFBF8D5}.Debug|Any CPU.ActiveCfg = Debug|Any CPU
		{F62025DD-4C93-455D-8229-988A3BFBF8D5}.Debug|Any CPU.Build.0 = Debug|Any CPU
		{F62025DD-4C93-455D-8229-988A3BFBF8D5}.Release|Any CPU.ActiveCfg = Release|Any CPU
		{F62025DD-4C93-455D-8229-988A3BFBF8D5}.Release|Any CPU.Build.0 = Release|Any CPU
		{C7A2F5D1-C537-4F0F-90F5-91AD1FEFEA4E}.Debug|Any CPU.ActiveCfg = Debug|Any CPU
		{C7A2F5D1-C537-4F0F-90F5-91AD1FEFEA4E}.Debug|Any CPU.Build.0 = Debug|Any CPU
		{C7A2F5D1-C537-4F0F-90F5-91AD1FEFEA4E}.Release|Any CPU.ActiveCfg = Release|Any CPU
		{C7A2F5D1-C537-4F0F-90F5-91AD1FEFEA4E}.Release|Any CPU.Build.0 = Release|Any CPU
		{E7A3A6F0-AD06-4E9D-9563-557E168EB030}.Debug|Any CPU.ActiveCfg = Debug|Any CPU
		{E7A3A6F0-AD06-4E9D-9563-557E168EB030}.Debug|Any CPU.Build.0 = Debug|Any CPU
		{E7A3A6F0-AD06-4E9D-9563-557E168EB030}.Release|Any CPU.ActiveCfg = Release|Any CPU
		{E7A3A6F0-AD06-4E9D-9563-557E168EB030}.Release|Any CPU.Build.0 = Release|Any CPU
		{68618124-526A-4C55-AEE9-8DE14A9508A8}.Debug|Any CPU.ActiveCfg = Debug|Any CPU
		{68618124-526A-4C55-AEE9-8DE14A9508A8}.Debug|Any CPU.Build.0 = Debug|Any CPU
		{68618124-526A-4C55-AEE9-8DE14A9508A8}.Release|Any CPU.ActiveCfg = Release|Any CPU
		{68618124-526A-4C55-AEE9-8DE14A9508A8}.Release|Any CPU.Build.0 = Release|Any CPU
		{A86DC884-FB81-468A-AEDA-D67CB2AA0EE0}.Debug|Any CPU.ActiveCfg = Debug|Any CPU
		{A86DC884-FB81-468A-AEDA-D67CB2AA0EE0}.Debug|Any CPU.Build.0 = Debug|Any CPU
		{A86DC884-FB81-468A-AEDA-D67CB2AA0EE0}.Release|Any CPU.ActiveCfg = Release|Any CPU
		{A86DC884-FB81-468A-AEDA-D67CB2AA0EE0}.Release|Any CPU.Build.0 = Release|Any CPU
		{4563E252-8329-4F6E-8696-4EA9A9ACD305}.Debug|Any CPU.ActiveCfg = Debug|Any CPU
		{4563E252-8329-4F6E-8696-4EA9A9ACD305}.Debug|Any CPU.Build.0 = Debug|Any CPU
		{4563E252-8329-4F6E-8696-4EA9A9ACD305}.Release|Any CPU.ActiveCfg = Release|Any CPU
		{4563E252-8329-4F6E-8696-4EA9A9ACD305}.Release|Any CPU.Build.0 = Release|Any CPU
		{D524A03E-8CCC-478D-9E28-81A94C015162}.Debug|Any CPU.ActiveCfg = Debug|Any CPU
		{D524A03E-8CCC-478D-9E28-81A94C015162}.Debug|Any CPU.Build.0 = Debug|Any CPU
		{D524A03E-8CCC-478D-9E28-81A94C015162}.Release|Any CPU.ActiveCfg = Release|Any CPU
		{D524A03E-8CCC-478D-9E28-81A94C015162}.Release|Any CPU.Build.0 = Release|Any CPU
		{71BF2832-772B-42F9-9028-C5F9D0DC866A}.Debug|Any CPU.ActiveCfg = Debug|Any CPU
		{71BF2832-772B-42F9-9028-C5F9D0DC866A}.Debug|Any CPU.Build.0 = Debug|Any CPU
		{71BF2832-772B-42F9-9028-C5F9D0DC866A}.Release|Any CPU.ActiveCfg = Release|Any CPU
		{71BF2832-772B-42F9-9028-C5F9D0DC866A}.Release|Any CPU.Build.0 = Release|Any CPU
		{0C950425-DD6B-4128-84DC-C21D82FA8FAE}.Debug|Any CPU.ActiveCfg = Debug|Any CPU
		{0C950425-DD6B-4128-84DC-C21D82FA8FAE}.Debug|Any CPU.Build.0 = Debug|Any CPU
		{0C950425-DD6B-4128-84DC-C21D82FA8FAE}.Release|Any CPU.ActiveCfg = Release|Any CPU
		{0C950425-DD6B-4128-84DC-C21D82FA8FAE}.Release|Any CPU.Build.0 = Release|Any CPU
		{A52A6825-52D8-4F14-A811-1C29A8C7B531}.Debug|Any CPU.ActiveCfg = Debug|Any CPU
		{A52A6825-52D8-4F14-A811-1C29A8C7B531}.Debug|Any CPU.Build.0 = Debug|Any CPU
		{A52A6825-52D8-4F14-A811-1C29A8C7B531}.Release|Any CPU.ActiveCfg = Release|Any CPU
		{A52A6825-52D8-4F14-A811-1C29A8C7B531}.Release|Any CPU.Build.0 = Release|Any CPU
		{74350A63-5CDD-43D7-B968-8949DD4B6204}.Debug|Any CPU.ActiveCfg = Debug|Any CPU
		{74350A63-5CDD-43D7-B968-8949DD4B6204}.Debug|Any CPU.Build.0 = Debug|Any CPU
		{74350A63-5CDD-43D7-B968-8949DD4B6204}.Release|Any CPU.ActiveCfg = Release|Any CPU
		{74350A63-5CDD-43D7-B968-8949DD4B6204}.Release|Any CPU.Build.0 = Release|Any CPU
		{3B32F16D-9A79-457F-97F7-1FC1FFB96AA1}.Debug|Any CPU.ActiveCfg = Debug|Any CPU
		{3B32F16D-9A79-457F-97F7-1FC1FFB96AA1}.Debug|Any CPU.Build.0 = Debug|Any CPU
		{3B32F16D-9A79-457F-97F7-1FC1FFB96AA1}.Release|Any CPU.ActiveCfg = Release|Any CPU
		{3B32F16D-9A79-457F-97F7-1FC1FFB96AA1}.Release|Any CPU.Build.0 = Release|Any CPU
		{78E98422-E8B1-4F6D-96E9-800EF77CCF1B}.Debug|Any CPU.ActiveCfg = Debug|Any CPU
		{78E98422-E8B1-4F6D-96E9-800EF77CCF1B}.Debug|Any CPU.Build.0 = Debug|Any CPU
		{78E98422-E8B1-4F6D-96E9-800EF77CCF1B}.Release|Any CPU.ActiveCfg = Release|Any CPU
		{78E98422-E8B1-4F6D-96E9-800EF77CCF1B}.Release|Any CPU.Build.0 = Release|Any CPU
		{4084E98D-0539-4C76-BA59-836FF563FFED}.Debug|Any CPU.ActiveCfg = Debug|Any CPU
		{4084E98D-0539-4C76-BA59-836FF563FFED}.Debug|Any CPU.Build.0 = Debug|Any CPU
		{4084E98D-0539-4C76-BA59-836FF563FFED}.Release|Any CPU.ActiveCfg = Release|Any CPU
		{4084E98D-0539-4C76-BA59-836FF563FFED}.Release|Any CPU.Build.0 = Release|Any CPU
		{BCF613D7-6FA9-4A75-839F-3A9C0CEE25A7}.Debug|Any CPU.ActiveCfg = Debug|Any CPU
		{BCF613D7-6FA9-4A75-839F-3A9C0CEE25A7}.Debug|Any CPU.Build.0 = Debug|Any CPU
		{BCF613D7-6FA9-4A75-839F-3A9C0CEE25A7}.Release|Any CPU.ActiveCfg = Release|Any CPU
		{BCF613D7-6FA9-4A75-839F-3A9C0CEE25A7}.Release|Any CPU.Build.0 = Release|Any CPU
		{86F2BBCD-9FEC-4458-BF62-B473A6093DA6}.Debug|Any CPU.ActiveCfg = Debug|Any CPU
		{86F2BBCD-9FEC-4458-BF62-B473A6093DA6}.Debug|Any CPU.Build.0 = Debug|Any CPU
		{86F2BBCD-9FEC-4458-BF62-B473A6093DA6}.Release|Any CPU.ActiveCfg = Release|Any CPU
		{86F2BBCD-9FEC-4458-BF62-B473A6093DA6}.Release|Any CPU.Build.0 = Release|Any CPU
		{5511DBB3-7408-4266-8D0A-816FE5AB61AE}.Debug|Any CPU.ActiveCfg = Debug|Any CPU
		{5511DBB3-7408-4266-8D0A-816FE5AB61AE}.Debug|Any CPU.Build.0 = Debug|Any CPU
		{5511DBB3-7408-4266-8D0A-816FE5AB61AE}.Release|Any CPU.ActiveCfg = Release|Any CPU
		{5511DBB3-7408-4266-8D0A-816FE5AB61AE}.Release|Any CPU.Build.0 = Release|Any CPU
		{5AE3D9BA-F953-49C3-9FC8-8611FB8500BF}.Debug|Any CPU.ActiveCfg = Debug|Any CPU
		{5AE3D9BA-F953-49C3-9FC8-8611FB8500BF}.Debug|Any CPU.Build.0 = Debug|Any CPU
		{5AE3D9BA-F953-49C3-9FC8-8611FB8500BF}.Release|Any CPU.ActiveCfg = Release|Any CPU
		{5AE3D9BA-F953-49C3-9FC8-8611FB8500BF}.Release|Any CPU.Build.0 = Release|Any CPU
		{9FDB0C52-406F-4E9D-9810-59125EBB7DC5}.Debug|Any CPU.ActiveCfg = Debug|Any CPU
		{9FDB0C52-406F-4E9D-9810-59125EBB7DC5}.Debug|Any CPU.Build.0 = Debug|Any CPU
		{9FDB0C52-406F-4E9D-9810-59125EBB7DC5}.Release|Any CPU.ActiveCfg = Release|Any CPU
		{9FDB0C52-406F-4E9D-9810-59125EBB7DC5}.Release|Any CPU.Build.0 = Release|Any CPU
		{2C1E3346-82FE-44C1-B29B-F7FA2F8ABBF6}.Debug|Any CPU.ActiveCfg = Debug|Any CPU
		{2C1E3346-82FE-44C1-B29B-F7FA2F8ABBF6}.Debug|Any CPU.Build.0 = Debug|Any CPU
		{2C1E3346-82FE-44C1-B29B-F7FA2F8ABBF6}.Release|Any CPU.ActiveCfg = Release|Any CPU
		{2C1E3346-82FE-44C1-B29B-F7FA2F8ABBF6}.Release|Any CPU.Build.0 = Release|Any CPU
		{EFA9741B-E3F5-4A99-89D3-AB9388436C9C}.Debug|Any CPU.ActiveCfg = Debug|Any CPU
		{EFA9741B-E3F5-4A99-89D3-AB9388436C9C}.Debug|Any CPU.Build.0 = Debug|Any CPU
		{EFA9741B-E3F5-4A99-89D3-AB9388436C9C}.Release|Any CPU.ActiveCfg = Release|Any CPU
		{EFA9741B-E3F5-4A99-89D3-AB9388436C9C}.Release|Any CPU.Build.0 = Release|Any CPU
		{D23EF7A3-F7A5-4A91-B629-45D46F8AB69A}.Debug|Any CPU.ActiveCfg = Debug|Any CPU
		{D23EF7A3-F7A5-4A91-B629-45D46F8AB69A}.Debug|Any CPU.Build.0 = Debug|Any CPU
		{D23EF7A3-F7A5-4A91-B629-45D46F8AB69A}.Release|Any CPU.ActiveCfg = Release|Any CPU
		{D23EF7A3-F7A5-4A91-B629-45D46F8AB69A}.Release|Any CPU.Build.0 = Release|Any CPU
	EndGlobalSection
	GlobalSection(SolutionProperties) = preSolution
		HideSolutionNode = FALSE
	EndGlobalSection
	GlobalSection(NestedProjects) = preSolution
		{A29ABE1F-164A-4317-B8AB-EE90DE4BAB89} = {1A526FF4-73E8-48F6-A6FE-8F37D98CC5CC}
		{F62025DD-4C93-455D-8229-988A3BFBF8D5} = {1A526FF4-73E8-48F6-A6FE-8F37D98CC5CC}
		{C7A2F5D1-C537-4F0F-90F5-91AD1FEFEA4E} = {D6486B03-53DA-48FC-92C1-E01CA992D240}
		{E7A3A6F0-AD06-4E9D-9563-557E168EB030} = {D6486B03-53DA-48FC-92C1-E01CA992D240}
		{68618124-526A-4C55-AEE9-8DE14A9508A8} = {D6486B03-53DA-48FC-92C1-E01CA992D240}
		{A86DC884-FB81-468A-AEDA-D67CB2AA0EE0} = {D6486B03-53DA-48FC-92C1-E01CA992D240}
		{D524A03E-8CCC-478D-9E28-81A94C015162} = {D6486B03-53DA-48FC-92C1-E01CA992D240}
		{71BF2832-772B-42F9-9028-C5F9D0DC866A} = {14C39412-D5B9-4888-86E0-636AED4E8D6E}
		{0C950425-DD6B-4128-84DC-C21D82FA8FAE} = {14C39412-D5B9-4888-86E0-636AED4E8D6E}
		{A52A6825-52D8-4F14-A811-1C29A8C7B531} = {14C39412-D5B9-4888-86E0-636AED4E8D6E}
		{74350A63-5CDD-43D7-B968-8949DD4B6204} = {14C39412-D5B9-4888-86E0-636AED4E8D6E}
		{3B32F16D-9A79-457F-97F7-1FC1FFB96AA1} = {14C39412-D5B9-4888-86E0-636AED4E8D6E}
		{78E98422-E8B1-4F6D-96E9-800EF77CCF1B} = {0960A036-87AD-4B52-B218-3846B4D4A0D4}
		{4084E98D-0539-4C76-BA59-836FF563FFED} = {0960A036-87AD-4B52-B218-3846B4D4A0D4}
		{BCF613D7-6FA9-4A75-839F-3A9C0CEE25A7} = {0960A036-87AD-4B52-B218-3846B4D4A0D4}
		{86F2BBCD-9FEC-4458-BF62-B473A6093DA6} = {0960A036-87AD-4B52-B218-3846B4D4A0D4}
		{5511DBB3-7408-4266-8D0A-816FE5AB61AE} = {A4F84D64-BAFA-427D-B224-4EE3DDA2B0A6}
		{5AE3D9BA-F953-49C3-9FC8-8611FB8500BF} = {A4F84D64-BAFA-427D-B224-4EE3DDA2B0A6}
		{9FDB0C52-406F-4E9D-9810-59125EBB7DC5} = {A4F84D64-BAFA-427D-B224-4EE3DDA2B0A6}
		{2C1E3346-82FE-44C1-B29B-F7FA2F8ABBF6} = {D6FAC9CE-02B2-4DDA-95B6-9F870AFD5208}
		{EFA9741B-E3F5-4A99-89D3-AB9388436C9C} = {D6FAC9CE-02B2-4DDA-95B6-9F870AFD5208}
		{D23EF7A3-F7A5-4A91-B629-45D46F8AB69A} = {D6FAC9CE-02B2-4DDA-95B6-9F870AFD5208}
	EndGlobalSection
	GlobalSection(ExtensibilityGlobals) = postSolution
		SolutionGuid = {995451E1-3890-45C3-9711-9B2340A66279}
	EndGlobalSection
EndGlobal
